{
  "pins" : [
    {
      "identity" : "swift-syntax",
      "kind" : "remoteSourceControl",
      "location" : "https://github.com/apple/swift-syntax",
      "state" : {
        "branch" : "main",
        "revision" : "e14b79c89794f3fb5899ce71a83f18720739377e"
      }
    }
  ],
  "version" : 2
}
